
Microsoft Visual Studio Solution File, Format Version 12.00
# Visual Studio Version 16
VisualStudioVersion = 16.0.29613.14
MinimumVisualStudioVersion = 10.0.40219.1
Project("{FAE04EC0-301F-11D3-BF4B-00C04F79EFBC}") = "ConferenceTrackManagement", "ConferenceTrackManagement\ConferenceTrackManagement.csproj", "{7D645A49-598A-446F-89CA-CAE31CFC39E5}"
EndProject
Project("{FAE04EC0-301F-11D3-BF4B-00C04F79EFBC}") = "ConferenceTrackManagementTest", "ConferenceTrackManagementTest\ConferenceTrackManagementTest.csproj", "{60523443-F677-4296-A833-96AC22B8AE24}"
EndProject
Global
	GlobalSection(SolutionConfigurationPlatforms) = preSolution
		Debug|Any CPU = Debug|Any CPU
		Release|Any CPU = Release|Any CPU
	EndGlobalSection
	GlobalSection(ProjectConfigurationPlatforms) = postSolution
		{7D645A49-598A-446F-89CA-CAE31CFC39E5}.Debug|Any CPU.ActiveCfg = Debug|Any CPU
		{7D645A49-598A-446F-89CA-CAE31CFC39E5}.Debug|Any CPU.Build.0 = Debug|Any CPU
		{7D645A49-598A-446F-89CA-CAE31CFC39E5}.Release|Any CPU.ActiveCfg = Release|Any CPU
		{7D645A49-598A-446F-89CA-CAE31CFC39E5}.Release|Any CPU.Build.0 = Release|Any CPU
		{60523443-F677-4296-A833-96AC22B8AE24}.Debug|Any CPU.ActiveCfg = Debug|Any CPU
		{60523443-F677-4296-A833-96AC22B8AE24}.Debug|Any CPU.Build.0 = Debug|Any CPU
		{60523443-F677-4296-A833-96AC22B8AE24}.Release|Any CPU.ActiveCfg = Release|Any CPU
		{60523443-F677-4296-A833-96AC22B8AE24}.Release|Any CPU.Build.0 = Release|Any CPU
	EndGlobalSection
	GlobalSection(SolutionProperties) = preSolution
		HideSolutionNode = FALSE
	EndGlobalSection
	GlobalSection(ExtensibilityGlobals) = postSolution
		SolutionGuid = {38E3C107-4D61-4313-B2C8-DE765F0979E8}
	EndGlobalSection
EndGlobal
